{
  "name": "node-server-simple-auth",
  "version": "1.0.0",
  "lockfileVersion": 3,
  "requires": true,
  "packages": {
    "": {
      "name": "node-server-simple-auth",
      "version": "1.0.0",
      "license": "ISC",
      "dependencies": {
        "@node-rs/argon2": "^2.0.0"
      }
    },
    "node_modules/@emnapi/core": {
      "version": "1.3.0",
      "resolved": "https://registry.npmjs.org/@emnapi/core/-/core-1.3.0.tgz",
      "integrity": "sha512-9hRqVlhwqBqCoToZ3hFcNVqL+uyHV06Y47ax4UB8L6XgVRqYz7MFnfessojo6+5TK89pKwJnpophwjTMOeKI9Q==",
      "license": "MIT",
      "optional": true,
      "dependencies": {
        "@emnapi/wasi-threads": "1.0.1",
        "tslib": "^2.4.0"
      }
    },
    "node_modules/@emnapi/runtime": {
      "version": "1.3.0",
      "resolved": "https://registry.npmjs.org/@emnapi/runtime/-/runtime-1.3.0.tgz",
      "integrity": "sha512-XMBySMuNZs3DM96xcJmLW4EfGnf+uGmFNjzpehMjuX5PLB5j87ar2Zc4e3PVeZ3I5g3tYtAqskB28manlF69Zw==",
      "license": "MIT",
      "optional": true,
      "dependencies": {
        "tslib": "^2.4.0"
      }
    },
    "node_modules/@emnapi/wasi-threads": {
      "version": "1.0.1",
      "resolved": "https://registry.npmjs.org/@emnapi/wasi-threads/-/wasi-threads-1.0.1.tgz",
      "integrity": "sha512-iIBu7mwkq4UQGeMEM8bLwNK962nXdhodeScX4slfQnRhEMMzvYivHhutCIk8uojvmASXXPC2WNEjwxFWk72Oqw==",
      "license": "MIT",
      "optional": true,
      "dependencies": {
        "tslib": "^2.4.0"
      }
    },
    "node_modules/@napi-rs/wasm-runtime": {
      "version": "0.2.5",
      "resolved": "https://registry.npmjs.org/@napi-rs/wasm-runtime/-/wasm-runtime-0.2.5.tgz",
      "integrity": "sha512-kwUxR7J9WLutBbulqg1dfOrMTwhMdXLdcGUhcbCcGwnPLt3gz19uHVdwH1syKVDbE022ZS2vZxOWflFLS0YTjw==",
      "license": "MIT",
      "optional": true,
      "dependencies": {
        "@emnapi/core": "^1.1.0",
        "@emnapi/runtime": "^1.1.0",
        "@tybys/wasm-util": "^0.9.0"
      }
    },
    "node_modules/@node-rs/argon2": {
      "version": "2.0.0",
      "resolved": "https://registry.npmjs.org/@node-rs/argon2/-/argon2-2.0.0.tgz",
      "integrity": "sha512-19DVNk87JRT0f5R9CucMM06cQg6PAoRBEfvmKXdrD0uFAWUmaf58IXTyCLdVLJW0IXwfV7I0FCldTiOilh1rZA==",
      "license": "MIT",
      "engines": {
        "node": ">= 10"
      },
      "optionalDependencies": {
        "@node-rs/argon2-android-arm-eabi": "2.0.0",
        "@node-rs/argon2-android-arm64": "2.0.0",
        "@node-rs/argon2-darwin-arm64": "2.0.0",
        "@node-rs/argon2-darwin-x64": "2.0.0",
        "@node-rs/argon2-freebsd-x64": "2.0.0",
        "@node-rs/argon2-linux-arm-gnueabihf": "2.0.0",
        "@node-rs/argon2-linux-arm64-gnu": "2.0.0",
        "@node-rs/argon2-linux-arm64-musl": "2.0.0",
        "@node-rs/argon2-linux-x64-gnu": "2.0.0",
        "@node-rs/argon2-linux-x64-musl": "2.0.0",
        "@node-rs/argon2-wasm32-wasi": "2.0.0",
        "@node-rs/argon2-win32-arm64-msvc": "2.0.0",
        "@node-rs/argon2-win32-ia32-msvc": "2.0.0",
        "@node-rs/argon2-win32-x64-msvc": "2.0.0"
      }
    },
    "node_modules/@node-rs/argon2-android-arm-eabi": {
      "version": "2.0.0",
      "resolved": "https://registry.npmjs.org/@node-rs/argon2-android-arm-eabi/-/argon2-android-arm-eabi-2.0.0.tgz",
      "integrity": "sha512-PbnBBiHg/boaj9EyQ1+Y53OQrvxJh1knrPZmzr6wRTR+DyCSHnwHpBANVhXV/T4Z9MJywy1SHFeCpuUMxN6HTw==",
      "cpu": [
        "arm"
      ],
      "license": "MIT",
      "optional": true,
      "os": [
        "android"
      ],
      "engines": {
        "node": ">= 10"
      }
    },
    "node_modules/@node-rs/argon2-android-arm64": {
      "version": "2.0.0",
      "resolved": "https://registry.npmjs.org/@node-rs/argon2-android-arm64/-/argon2-android-arm64-2.0.0.tgz",
      "integrity": "sha512-o3L+m7E2TnVRFRCAlJm3TF8ZR+WyMykakCSopOYaAcAtjwlhOOiaQsV+iw2WS3ju3AuvJ/0Qu7A4ecdHAWQ4aA==",
      "cpu": [
        "arm64"
      ],
      "license": "MIT",
      "optional": true,
      "os": [
        "android"
      ],
      "engines": {
        "node": ">= 10"
      }
    },
    "node_modules/@node-rs/argon2-darwin-arm64": {
      "version": "2.0.0",
      "resolved": "https://registry.npmjs.org/@node-rs/argon2-darwin-arm64/-/argon2-darwin-arm64-2.0.0.tgz",
      "integrity": "sha512-ad5qpXGxDwIS4/kH18LNe0G4m/4tm0z7gI4DmlTU4r3/LnrbMBW7XTHHNjUGpmtgAEn+4g/WQj1fIGtJZNFerw==",
      "cpu": [
        "arm64"
      ],
      "license": "MIT",
      "optional": true,
      "os": [
        "darwin"
      ],
      "engines": {
        "node": ">= 10"
      }
    },
    "node_modules/@node-rs/argon2-darwin-x64": {
      "version": "2.0.0",
      "resolved": "https://registry.npmjs.org/@node-rs/argon2-darwin-x64/-/argon2-darwin-x64-2.0.0.tgz",
      "integrity": "sha512-DhWHTjO3XNf8g9CflXZHeHbPFsRxvgsqC52S15Adj0lKSrWFzxvE9+z27jAP5KE/GmfDa4Ln5Dc4qQIQEblZAA==",
      "cpu": [
        "x64"
      ],
      "license": "MIT",
      "optional": true,
      "os": [
        "darwin"
      ],
      "engines": {
        "node": ">= 10"
      }
    },
    "node_modules/@node-rs/argon2-freebsd-x64": {
      "version": "2.0.0",
      "resolved": "https://registry.npmjs.org/@node-rs/argon2-freebsd-x64/-/argon2-freebsd-x64-2.0.0.tgz",
      "integrity": "sha512-FdLOudD9D9aL/0XB4QJl5OY48+XfZZbrPrVhcpbHgskZmo/ISWTn2z/TEyjraE7Zy9D/4X8d3/WMJiXueoyZPw==",
      "cpu": [
        "x64"
      ],
      "license": "MIT",
      "optional": true,
      "os": [
        "freebsd"
      ],
      "engines": {
        "node": ">= 10"
      }
    },
    "node_modules/@node-rs/argon2-linux-arm-gnueabihf": {
      "version": "2.0.0",
      "resolved": "https://registry.npmjs.org/@node-rs/argon2-linux-arm-gnueabihf/-/argon2-linux-arm-gnueabihf-2.0.0.tgz",
      "integrity": "sha512-Qtp0bsVv+/dnZsLl1O7CWVqp1ijb3r2YMvQnkK3z06pH6fajMH9LWQCGdZslnidNfRudwxj51Xiym+nD8POuYw==",
      "cpu": [
        "arm"
      ],
      "license": "MIT",
      "optional": true,
      "os": [
        "linux"
      ],
      "engines": {
        "node": ">= 10"
      }
    },
    "node_modules/@node-rs/argon2-linux-arm64-gnu": {
      "version": "2.0.0",
      "resolved": "https://registry.npmjs.org/@node-rs/argon2-linux-arm64-gnu/-/argon2-linux-arm64-gnu-2.0.0.tgz",
      "integrity": "sha512-1maxs5vFcn3q6jgWuG92oT7uZxcPEHTCu3IIOEVaQCJzVSAfyL7h6o0hWaHj7Ga3/5rhiaDgSwX1MTW7Crl2QQ==",
      "cpu": [
        "arm64"
      ],
      "license": "MIT",
      "optional": true,
      "os": [
        "linux"
      ],
      "engines": {
        "node": ">= 10"
      }
    },
    "node_modules/@node-rs/argon2-linux-arm64-musl": {
      "version": "2.0.0",
      "resolved": "https://registry.npmjs.org/@node-rs/argon2-linux-arm64-musl/-/argon2-linux-arm64-musl-2.0.0.tgz",
      "integrity": "sha512-Wju44r1YDhQXDWxGNkfft0iHvoXcmxJ5NJSoqSMpNuHiGOkqW2heWtBlaXZk71F8rfFLZ8hES+t1uouXYV1mNw==",
      "cpu": [
        "arm64"
      ],
      "license": "MIT",
      "optional": true,
      "os": [
        "linux"
      ],
      "engines": {
        "node": ">= 10"
      }
    },
    "node_modules/@node-rs/argon2-linux-x64-gnu": {
      "version": "2.0.0",
      "resolved": "https://registry.npmjs.org/@node-rs/argon2-linux-x64-gnu/-/argon2-linux-x64-gnu-2.0.0.tgz",
      "integrity": "sha512-udCXRjNR9RU03n4NeUcrsgsVVDzWatI5RvRPererR8mCiljDzNB89hZokXtEVtVTHDey+0WVa5lL13wJdkQOAQ==",
      "cpu": [
        "x64"
      ],
      "license": "MIT",
      "optional": true,
      "os": [
        "linux"
      ],
      "engines": {
        "node": ">= 10"
      }
    },
    "node_modules/@node-rs/argon2-linux-x64-musl": {
      "version": "2.0.0",
      "resolved": "https://registry.npmjs.org/@node-rs/argon2-linux-x64-musl/-/argon2-linux-x64-musl-2.0.0.tgz",
      "integrity": "sha512-RZGpd82OzYkGg4ZCLgCqwZ68m5qizPUBCDRwTquaUi4JV1Wly4iJnMlQuXsvgwvX8AKbCWKRB2HfXfOxnYRCOA==",
      "cpu": [
        "x64"
      ],
      "license": "MIT",
      "optional": true,
      "os": [
        "linux"
      ],
      "engines": {
        "node": ">= 10"
      }
    },
    "node_modules/@node-rs/argon2-wasm32-wasi": {
      "version": "2.0.0",
      "resolved": "https://registry.npmjs.org/@node-rs/argon2-wasm32-wasi/-/argon2-wasm32-wasi-2.0.0.tgz",
      "integrity": "sha512-WUbkAsxV2ZbwfVKJ/YgSLngn1H2IJ6uO4FYw+KPkDDYbpUHPImg0ny6k2gV340qUXYP6QvHg7EorUbXrLCE8Rg==",
      "cpu": [
        "wasm32"
      ],
      "license": "MIT",
      "optional": true,
      "dependencies": {
        "@napi-rs/wasm-runtime": "^0.2.3"
      },
      "engines": {
        "node": ">=14.0.0"
      }
    },
    "node_modules/@node-rs/argon2-win32-arm64-msvc": {
      "version": "2.0.0",
      "resolved": "https://registry.npmjs.org/@node-rs/argon2-win32-arm64-msvc/-/argon2-win32-arm64-msvc-2.0.0.tgz",
      "integrity": "sha512-yEvArafekU2Roo3DweBReQrRIvD+VQDiLyKhY6uIi/J27iKdWUcpqK2KTyYRak2z32LwqGS+f/4OlOGIHrbFgA==",
      "cpu": [
        "arm64"
      ],
      "license": "MIT",
      "optional": true,
      "os": [
        "win32"
      ],
      "engines": {
        "node": ">= 10"
      }
    },
    "node_modules/@node-rs/argon2-win32-ia32-msvc": {
      "version": "2.0.0",
      "resolved": "https://registry.npmjs.org/@node-rs/argon2-win32-ia32-msvc/-/argon2-win32-ia32-msvc-2.0.0.tgz",
      "integrity": "sha512-JUxcS00LmJ1xJgb1Wc5hg/neuqHmFJXdMEejdul45Mdi5GVuv4lsy3ywXkggjlDfETDkvlgnKgoaHG0mcIdtdg==",
      "cpu": [
        "ia32"
      ],
      "license": "MIT",
      "optional": true,
      "os": [
        "win32"
      ],
      "engines": {
        "node": ">= 10"
      }
    },
    "node_modules/@node-rs/argon2-win32-x64-msvc": {
      "version": "2.0.0",
      "resolved": "https://registry.npmjs.org/@node-rs/argon2-win32-x64-msvc/-/argon2-win32-x64-msvc-2.0.0.tgz",
      "integrity": "sha512-Wp+CuqwX97y8v+TXRU7FDCeXpWDqqoEZzBTD5RTY/ncgoyhyYsToHGztoKrlK9Nc4Q5Pco9OaJsgL5piHzvzcQ==",
      "cpu": [
        "x64"
      ],
      "license": "MIT",
      "optional": true,
      "os": [
        "win32"
      ],
      "engines": {
        "node": ">= 10"
      }
    },
    "node_modules/@tybys/wasm-util": {
      "version": "0.9.0",
      "resolved": "https://registry.npmjs.org/@tybys/wasm-util/-/wasm-util-0.9.0.tgz",
      "integrity": "sha512-6+7nlbMVX/PVDCwaIQ8nTOPveOcFLSt8GcXdx8hD0bt39uWxYT88uXzqTd4fTvqta7oeUJqudepapKNt2DYJFw==",
      "license": "MIT",
      "optional": true,
      "dependencies": {
        "tslib": "^2.4.0"
      }
    },
    "node_modules/tslib": {
      "version": "2.7.0",
      "resolved": "https://registry.npmjs.org/tslib/-/tslib-2.7.0.tgz",
      "integrity": "sha512-gLXCKdN1/j47AiHiOkJN69hJmcbGTHI0ImLmbYLHykhgeN0jVGola9yVjFgzCUklsZQMW55o+dW7IXv3RCXDzA==",
      "license": "0BSD",
      "optional": true
    }
  }
}
